
Microsoft Visual Studio Solution File, Format Version 12.00
# Visual Studio Version 17
VisualStudioVersion = 17.14.36202.13 d17.14
MinimumVisualStudioVersion = 10.0.40219.1
Project("{FAE04EC0-301F-11D3-BF4B-00C04F79EFBC}") = "Intro_WPF_CollinAugustin_Exercice2", "Intro_WPF_CollinAugustin_Exercice2.csproj", "{9C8B0F65-B63C-42D2-AE60-1DA04B7DAD9C}"
EndProject
Global
	GlobalSection(SolutionConfigurationPlatforms) = preSolution
		Debug|Any CPU = Debug|Any CPU
		Release|Any CPU = Release|Any CPU
	EndGlobalSection
	GlobalSection(ProjectConfigurationPlatforms) = postSolution
		{9C8B0F65-B63C-42D2-AE60-1DA04B7DAD9C}.Debug|Any CPU.ActiveCfg = Debug|Any CPU
		{9C8B0F65-B63C-42D2-AE60-1DA04B7DAD9C}.Debug|Any CPU.Build.0 = Debug|Any CPU
		{9C8B0F65-B63C-42D2-AE60-1DA04B7DAD9C}.Release|Any CPU.ActiveCfg = Release|Any CPU
		{9C8B0F65-B63C-42D2-AE60-1DA04B7DAD9C}.Release|Any CPU.Build.0 = Release|Any CPU
	EndGlobalSection
	GlobalSection(SolutionProperties) = preSolution
		HideSolutionNode = FALSE
	EndGlobalSection
	GlobalSection(ExtensibilityGlobals) = postSolution
		SolutionGuid = {0DE3B8EE-1379-4476-80EC-970903764192}
	EndGlobalSection
EndGlobal
