
Microsoft Visual Studio Solution File, Format Version 12.00
# Visual Studio Version 17
VisualStudioVersion = 17.14.36202.13 d17.14
MinimumVisualStudioVersion = 10.0.40219.1
Project("{FAE04EC0-301F-11D3-BF4B-00C04F79EFBC}") = "IntroWPF_Exercice4_CollinAugustin", "IntroWPF_Exercice4_CollinAugustin.csproj", "{405ACF8E-3D53-4782-B192-626C60CDF47A}"
EndProject
Global
	GlobalSection(SolutionConfigurationPlatforms) = preSolution
		Debug|Any CPU = Debug|Any CPU
		Release|Any CPU = Release|Any CPU
	EndGlobalSection
	GlobalSection(ProjectConfigurationPlatforms) = postSolution
		{405ACF8E-3D53-4782-B192-626C60CDF47A}.Debug|Any CPU.ActiveCfg = Debug|Any CPU
		{405ACF8E-3D53-4782-B192-626C60CDF47A}.Debug|Any CPU.Build.0 = Debug|Any CPU
		{405ACF8E-3D53-4782-B192-626C60CDF47A}.Release|Any CPU.ActiveCfg = Release|Any CPU
		{405ACF8E-3D53-4782-B192-626C60CDF47A}.Release|Any CPU.Build.0 = Release|Any CPU
	EndGlobalSection
	GlobalSection(SolutionProperties) = preSolution
		HideSolutionNode = FALSE
	EndGlobalSection
	GlobalSection(ExtensibilityGlobals) = postSolution
		SolutionGuid = {50F1A701-154A-40BD-A5EB-D9C443DED136}
	EndGlobalSection
EndGlobal
